
Microsoft Visual Studio Solution File, Format Version 12.00
# Visual Studio Version 17
VisualStudioVersion = 17.2.32526.322
MinimumVisualStudioVersion = 10.0.40219.1
Project("{FAE04EC0-301F-11D3-BF4B-00C04F79EFBC}") = "Auction_Project", "Auction_Project\Auction_Project.csproj", "{68FF67AE-11C0-457E-A7C6-E8DA1B03EAAA}"
EndProject
Global
	GlobalSection(SolutionConfigurationPlatforms) = preSolution
		Debug|Any CPU = Debug|Any CPU
		Release|Any CPU = Release|Any CPU
	EndGlobalSection
	GlobalSection(ProjectConfigurationPlatforms) = postSolution
		{68FF67AE-11C0-457E-A7C6-E8DA1B03EAAA}.Debug|Any CPU.ActiveCfg = Debug|Any CPU
		{68FF67AE-11C0-457E-A7C6-E8DA1B03EAAA}.Debug|Any CPU.Build.0 = Debug|Any CPU
		{68FF67AE-11C0-457E-A7C6-E8DA1B03EAAA}.Release|Any CPU.ActiveCfg = Release|Any CPU
		{68FF67AE-11C0-457E-A7C6-E8DA1B03EAAA}.Release|Any CPU.Build.0 = Release|Any CPU
	EndGlobalSection
	GlobalSection(SolutionProperties) = preSolution
		HideSolutionNode = FALSE
	EndGlobalSection
	GlobalSection(ExtensibilityGlobals) = postSolution
		SolutionGuid = {E83F8798-6790-4773-88FD-ED73AD0D1D2C}
	EndGlobalSection
EndGlobal
